PODS:
  - Flutter (1.0.0)
  - VpadnSDK (5.4.2)
  - vpon_sdk (0.0.1):
    - Flutter
    - VpadnSDK (~> 5.4.2)

DEPENDENCIES:
  - Flutter (from `Flutter`)
  - vpon_sdk (from `.symlinks/plugins/vpon_sdk/ios`)

SPEC REPOS:
  trunk:
    - VpadnSDK

EXTERNAL SOURCES:
  Flutter:
    :path: Flutter
  vpon_sdk:
    :path: ".symlinks/plugins/vpon_sdk/ios"

SPEC CHECKSUMS:
  Flutter: f04841e97a9d0b0a8025694d0796dd46242b2854
  VpadnSDK: 3a8e6d9d1677de8f8d73d5c81c2aaa78440dd2d9
  vpon_sdk: f01df793d3c5cef17bc492c1748bfabd20abb895

PODFILE CHECKSUM: 4e8f8b2be68aeea4c0d5beb6ff1e79fface1d048

COCOAPODS: 1.11.3
